
Microsoft Visual Studio Solution File, Format Version 12.00
# Visual Studio Version 17
VisualStudioVersion = 17.0.31912.275
MinimumVisualStudioVersion = 10.0.40219.1
Project("{2150E333-8FDC-42A3-9474-1A3956D46DE8}") = "Services", "Services", "{12A83074-DD7F-4A4E-9A7C-85E01EF33D2B}"
EndProject
Project("{9A19103F-16F7-4668-BE54-9A1E7A4F7556}") = "Common", "Common\Common.csproj", "{F2052AF8-CA26-4051-BE29-71FBF0B8318C}"
EndProject
Project("{9A19103F-16F7-4668-BE54-9A1E7A4F7556}") = "ProductMicroservice", "ProductMicroservice\ProductMicroservice.csproj", "{E666F0AD-E19C-4ACE-AC6D-5B74FB18E034}"
EndProject
Project("{9A19103F-16F7-4668-BE54-9A1E7A4F7556}") = "OrderMicroservice", "OrderMicroservice\OrderMicroservice.csproj", "{6401AA73-3B65-4788-AE45-93F3E696F284}"
EndProject
Project("{9A19103F-16F7-4668-BE54-9A1E7A4F7556}") = "CustomerMicroservice", "CustomerMicroservice\CustomerMicroservice.csproj", "{22B68693-FCDA-4BB8-AB62-D6EEBE182D85}"
EndProject
Project("{2150E333-8FDC-42A3-9474-1A3956D46DE8}") = "Tests", "Tests", "{BF82C692-6B36-46BA-9CC7-D99E7378999F}"
EndProject
Project("{9A19103F-16F7-4668-BE54-9A1E7A4F7556}") = "CustomerMicroserviceUnitTests", "CustomerMicroserviceUnitTests\CustomerMicroserviceUnitTests.csproj", "{D1CE36A0-C848-4948-8E85-668B07A2336C}"
EndProject
Project("{9A19103F-16F7-4668-BE54-9A1E7A4F7556}") = "ProductMicroserviceUnitTests", "ProductMicroserviceUnitTests\ProductMicroserviceUnitTests.csproj", "{EEBD66AD-8054-4D20-B68B-5B02362B5CFD}"
EndProject
Project("{9A19103F-16F7-4668-BE54-9A1E7A4F7556}") = "OrderMicroserviceUnitTests", "OrderMicroserviceUnitTests\OrderMicroserviceUnitTests.csproj", "{762EE61C-5D6D-4769-B9CE-E59B8D2B23B1}"
EndProject
Project("{E53339B2-1760-4266-BCC7-CA923CBCF16C}") = "docker-compose", "docker-compose.dcproj", "{A7DC8464-54CB-4C42-A3EB-D06F90272ABC}"
EndProject
Project("{2150E333-8FDC-42A3-9474-1A3956D46DE8}") = "Solution Items", "Solution Items", "{C3FF83BF-4499-48EB-924F-2D54397A675C}"
	ProjectSection(SolutionItems) = preProject
		Diagrams\CustomerServiceClassDiagram.png = Diagrams\CustomerServiceClassDiagram.png
		Diagrams\Data Diagram.pdf = Diagrams\Data Diagram.pdf
		Diagrams\OrderServiceClassDiagram.png = Diagrams\OrderServiceClassDiagram.png
		Diagrams\ProductServiceClassDiagram.png = Diagrams\ProductServiceClassDiagram.png
		README.md = README.md
	EndProjectSection
EndProject
Global
	GlobalSection(SolutionConfigurationPlatforms) = preSolution
		Debug|Any CPU = Debug|Any CPU
		Release|Any CPU = Release|Any CPU
	EndGlobalSection
	GlobalSection(ProjectConfigurationPlatforms) = postSolution
		{F2052AF8-CA26-4051-BE29-71FBF0B8318C}.Debug|Any CPU.ActiveCfg = Debug|Any CPU
		{F2052AF8-CA26-4051-BE29-71FBF0B8318C}.Debug|Any CPU.Build.0 = Debug|Any CPU
		{F2052AF8-CA26-4051-BE29-71FBF0B8318C}.Release|Any CPU.ActiveCfg = Release|Any CPU
		{F2052AF8-CA26-4051-BE29-71FBF0B8318C}.Release|Any CPU.Build.0 = Release|Any CPU
		{E666F0AD-E19C-4ACE-AC6D-5B74FB18E034}.Debug|Any CPU.ActiveCfg = Debug|Any CPU
		{E666F0AD-E19C-4ACE-AC6D-5B74FB18E034}.Debug|Any CPU.Build.0 = Debug|Any CPU
		{E666F0AD-E19C-4ACE-AC6D-5B74FB18E034}.Release|Any CPU.ActiveCfg = Release|Any CPU
		{E666F0AD-E19C-4ACE-AC6D-5B74FB18E034}.Release|Any CPU.Build.0 = Release|Any CPU
		{6401AA73-3B65-4788-AE45-93F3E696F284}.Debug|Any CPU.ActiveCfg = Debug|Any CPU
		{6401AA73-3B65-4788-AE45-93F3E696F284}.Debug|Any CPU.Build.0 = Debug|Any CPU
		{6401AA73-3B65-4788-AE45-93F3E696F284}.Release|Any CPU.ActiveCfg = Release|Any CPU
		{6401AA73-3B65-4788-AE45-93F3E696F284}.Release|Any CPU.Build.0 = Release|Any CPU
		{22B68693-FCDA-4BB8-AB62-D6EEBE182D85}.Debug|Any CPU.ActiveCfg = Debug|Any CPU
		{22B68693-FCDA-4BB8-AB62-D6EEBE182D85}.Debug|Any CPU.Build.0 = Debug|Any CPU
		{22B68693-FCDA-4BB8-AB62-D6EEBE182D85}.Release|Any CPU.ActiveCfg = Release|Any CPU
		{22B68693-FCDA-4BB8-AB62-D6EEBE182D85}.Release|Any CPU.Build.0 = Release|Any CPU
		{D1CE36A0-C848-4948-8E85-668B07A2336C}.Debug|Any CPU.ActiveCfg = Debug|Any CPU
		{D1CE36A0-C848-4948-8E85-668B07A2336C}.Debug|Any CPU.Build.0 = Debug|Any CPU
		{D1CE36A0-C848-4948-8E85-668B07A2336C}.Release|Any CPU.ActiveCfg = Release|Any CPU
		{D1CE36A0-C848-4948-8E85-668B07A2336C}.Release|Any CPU.Build.0 = Release|Any CPU
		{EEBD66AD-8054-4D20-B68B-5B02362B5CFD}.Debug|Any CPU.ActiveCfg = Debug|Any CPU
		{EEBD66AD-8054-4D20-B68B-5B02362B5CFD}.Debug|Any CPU.Build.0 = Debug|Any CPU
		{EEBD66AD-8054-4D20-B68B-5B02362B5CFD}.Release|Any CPU.ActiveCfg = Release|Any CPU
		{EEBD66AD-8054-4D20-B68B-5B02362B5CFD}.Release|Any CPU.Build.0 = Release|Any CPU
		{762EE61C-5D6D-4769-B9CE-E59B8D2B23B1}.Debug|Any CPU.ActiveCfg = Debug|Any CPU
		{762EE61C-5D6D-4769-B9CE-E59B8D2B23B1}.Debug|Any CPU.Build.0 = Debug|Any CPU
		{762EE61C-5D6D-4769-B9CE-E59B8D2B23B1}.Release|Any CPU.ActiveCfg = Release|Any CPU
		{762EE61C-5D6D-4769-B9CE-E59B8D2B23B1}.Release|Any CPU.Build.0 = Release|Any CPU
		{A7DC8464-54CB-4C42-A3EB-D06F90272ABC}.Debug|Any CPU.ActiveCfg = Debug|Any CPU
		{A7DC8464-54CB-4C42-A3EB-D06F90272ABC}.Debug|Any CPU.Build.0 = Debug|Any CPU
		{A7DC8464-54CB-4C42-A3EB-D06F90272ABC}.Release|Any CPU.ActiveCfg = Release|Any CPU
		{A7DC8464-54CB-4C42-A3EB-D06F90272ABC}.Release|Any CPU.Build.0 = Release|Any CPU
	EndGlobalSection
	GlobalSection(SolutionProperties) = preSolution
		HideSolutionNode = FALSE
	EndGlobalSection
	GlobalSection(NestedProjects) = preSolution
		{E666F0AD-E19C-4ACE-AC6D-5B74FB18E034} = {12A83074-DD7F-4A4E-9A7C-85E01EF33D2B}
		{6401AA73-3B65-4788-AE45-93F3E696F284} = {12A83074-DD7F-4A4E-9A7C-85E01EF33D2B}
		{22B68693-FCDA-4BB8-AB62-D6EEBE182D85} = {12A83074-DD7F-4A4E-9A7C-85E01EF33D2B}
		{D1CE36A0-C848-4948-8E85-668B07A2336C} = {BF82C692-6B36-46BA-9CC7-D99E7378999F}
		{EEBD66AD-8054-4D20-B68B-5B02362B5CFD} = {BF82C692-6B36-46BA-9CC7-D99E7378999F}
		{762EE61C-5D6D-4769-B9CE-E59B8D2B23B1} = {BF82C692-6B36-46BA-9CC7-D99E7378999F}
	EndGlobalSection
	GlobalSection(ExtensibilityGlobals) = postSolution
		SolutionGuid = {8234DC12-3355-41EF-BBB3-E9412F82AC55}
	EndGlobalSection
EndGlobal
